// !$*UTF8*$!
{
	archiveVersion = 1;
	classes = {
	};
	objectVersion = 55;
	objects = {

/* Begin PBXBuildFile section */
		470BDCDD289C219C002FEC96 /* TabItem.swift in Sources */ = {isa = PBXBuildFile; fileRef = 470BDCDC289C219C002FEC96 /* TabItem.swift */; };
		470BDCE0289C220E002FEC96 /* ProfileVC.swift in Sources */ = {isa = PBXBuildFile; fileRef = 470BDCDF289C220E002FEC96 /* ProfileVC.swift */; };
		470BDCE3289C223B002FEC96 /* MarketVC.swift in Sources */ = {isa = PBXBuildFile; fileRef = 470BDCE2289C223B002FEC96 /* MarketVC.swift */; };
		470BDCE6289C226D002FEC96 /* ChatVC.swift in Sources */ = {isa = PBXBuildFile; fileRef = 470BDCE5289C226D002FEC96 /* ChatVC.swift */; };
		470BDCE8289C237C002FEC96 /* FZTabBar.swift in Sources */ = {isa = PBXBuildFile; fileRef = 470BDCE7289C237C002FEC96 /* FZTabBar.swift */; };
		470BDCEA289C23EB002FEC96 /* TabNavigationMenu.swift in Sources */ = {isa = PBXBuildFile; fileRef = 470BDCE9289C23EB002FEC96 /* TabNavigationMenu.swift */; };
		470BDCEC289C39A5002FEC96 /* TabBarItem.swift in Sources */ = {isa = PBXBuildFile; fileRef = 470BDCEB289C39A5002FEC96 /* TabBarItem.swift */; };
		475CAAC4289836FC00E33EF2 /* SignupVC.swift in Sources */ = {isa = PBXBuildFile; fileRef = 475CAAC3289836FC00E33EF2 /* SignupVC.swift */; };
		475CAAC728983DFE00E33EF2 /* FZCheckoboxButton.swift in Sources */ = {isa = PBXBuildFile; fileRef = 475CAAC628983DFE00E33EF2 /* FZCheckoboxButton.swift */; };
		4784575D289986E4001CF5A8 /* SignupOptionsVC.swift in Sources */ = {isa = PBXBuildFile; fileRef = 4784575C289986E4001CF5A8 /* SignupOptionsVC.swift */; };
		479D5AE728953055003B59D0 /* AppDelegate.swift in Sources */ = {isa = PBXBuildFile; fileRef = 479D5AE628953055003B59D0 /* AppDelegate.swift */; };
		479D5AE928953055003B59D0 /* SceneDelegate.swift in Sources */ = {isa = PBXBuildFile; fileRef = 479D5AE828953055003B59D0 /* SceneDelegate.swift */; };
		479D5AF028953057003B59D0 /* Assets.xcassets in Resources */ = {isa = PBXBuildFile; fileRef = 479D5AEF28953057003B59D0 /* Assets.xcassets */; };
		479D5AF328953057003B59D0 /* LaunchScreen.storyboard in Resources */ = {isa = PBXBuildFile; fileRef = 479D5AF128953057003B59D0 /* LaunchScreen.storyboard */; };
		479D5B032895358B003B59D0 /* SigninVC.swift in Sources */ = {isa = PBXBuildFile; fileRef = 479D5B022895358B003B59D0 /* SigninVC.swift */; };
		479D5B0A28958890003B59D0 /* .swiftlint.yml in Resources */ = {isa = PBXBuildFile; fileRef = 479D5B0928958890003B59D0 /* .swiftlint.yml */; };
		479D5B0D289589C0003B59D0 /* UIView+Ext.swift in Sources */ = {isa = PBXBuildFile; fileRef = 479D5B0C289589C0003B59D0 /* UIView+Ext.swift */; };
		479D5B0F289589DF003B59D0 /* UIColor+Ext.swift in Sources */ = {isa = PBXBuildFile; fileRef = 479D5B0E289589DF003B59D0 /* UIColor+Ext.swift */; };
		479D5B1228958A49003B59D0 /* Bindable.swift in Sources */ = {isa = PBXBuildFile; fileRef = 479D5B1128958A49003B59D0 /* Bindable.swift */; };
		479D5B1428958A92003B59D0 /* Asserts.swift in Sources */ = {isa = PBXBuildFile; fileRef = 479D5B1328958A92003B59D0 /* Asserts.swift */; };
		479D5B1A28959F92003B59D0 /* Montserrat-Regular.ttf in Resources */ = {isa = PBXBuildFile; fileRef = 479D5B1728959F92003B59D0 /* Montserrat-Regular.ttf */; };
		479D5B1B28959F92003B59D0 /* Montserrat-SemiBold.ttf in Resources */ = {isa = PBXBuildFile; fileRef = 479D5B1828959F92003B59D0 /* Montserrat-SemiBold.ttf */; };
		479D5B1C28959F92003B59D0 /* Montserrat-Medium.ttf in Resources */ = {isa = PBXBuildFile; fileRef = 479D5B1928959F92003B59D0 /* Montserrat-Medium.ttf */; };
		479D5B1F2895A409003B59D0 /* FZIconButton.swift in Sources */ = {isa = PBXBuildFile; fileRef = 479D5B1E2895A409003B59D0 /* FZIconButton.swift */; };
		479D5B222895A4BE003B59D0 /* FZRegularLabel.swift in Sources */ = {isa = PBXBuildFile; fileRef = 479D5B212895A4BE003B59D0 /* FZRegularLabel.swift */; };
		479D5B242895A521003B59D0 /* FZMediumLabel.swift in Sources */ = {isa = PBXBuildFile; fileRef = 479D5B232895A521003B59D0 /* FZMediumLabel.swift */; };
		479D5B262895A563003B59D0 /* FZSemiBoldLabel.swift in Sources */ = {isa = PBXBuildFile; fileRef = 479D5B252895A563003B59D0 /* FZSemiBoldLabel.swift */; };
		479D5B282895A691003B59D0 /* Strings.swift in Sources */ = {isa = PBXBuildFile; fileRef = 479D5B272895A691003B59D0 /* Strings.swift */; };
		479D5B2A2895A6C8003B59D0 /* Fonts.swift in Sources */ = {isa = PBXBuildFile; fileRef = 479D5B292895A6C8003B59D0 /* Fonts.swift */; };
		479D5B2C2895A724003B59D0 /* GlobalConstants.swift in Sources */ = {isa = PBXBuildFile; fileRef = 479D5B2B2895A724003B59D0 /* GlobalConstants.swift */; };
		479D5B2E2895A955003B59D0 /* ErrorMessages.swift in Sources */ = {isa = PBXBuildFile; fileRef = 479D5B2D2895A955003B59D0 /* ErrorMessages.swift */; };
		47AB9BBD2896735400E42089 /* KeyboardHandlingVC.swift in Sources */ = {isa = PBXBuildFile; fileRef = 47AB9BBC2896735400E42089 /* KeyboardHandlingVC.swift */; };
		47AB9BC02896766200E42089 /* FZTextInputView.swift in Sources */ = {isa = PBXBuildFile; fileRef = 47AB9BBF2896766200E42089 /* FZTextInputView.swift */; };
		47AB9BC32896780F00E42089 /* FZTextField.swift in Sources */ = {isa = PBXBuildFile; fileRef = 47AB9BC22896780F00E42089 /* FZTextField.swift */; };
		47AB9BC52896B7B100E42089 /* FZRegularButton.swift in Sources */ = {isa = PBXBuildFile; fileRef = 47AB9BC42896B7B100E42089 /* FZRegularButton.swift */; };
		47AB9BC82896BB3200E42089 /* FZSeparatorView.swift in Sources */ = {isa = PBXBuildFile; fileRef = 47AB9BC72896BB3200E42089 /* FZSeparatorView.swift */; };
/* End PBXBuildFile section */

/* Begin PBXFileReference section */
		470BDCDC289C219C002FEC96 /* TabItem.swift */ = {isa = PBXFileReference; lastKnownFileType = sourcecode.swift; path = TabItem.swift; sourceTree = "<group>"; };
		470BDCDF289C220E002FEC96 /* ProfileVC.swift */ = {isa = PBXFileReference; lastKnownFileType = sourcecode.swift; path = ProfileVC.swift; sourceTree = "<group>"; };
		470BDCE2289C223B002FEC96 /* MarketVC.swift */ = {isa = PBXFileReference; lastKnownFileType = sourcecode.swift; path = MarketVC.swift; sourceTree = "<group>"; };
		470BDCE5289C226D002FEC96 /* ChatVC.swift */ = {isa = PBXFileReference; lastKnownFileType = sourcecode.swift; path = ChatVC.swift; sourceTree = "<group>"; };
		470BDCE7289C237C002FEC96 /* FZTabBar.swift */ = {isa = PBXFileReference; lastKnownFileType = sourcecode.swift; path = FZTabBar.swift; sourceTree = "<group>"; };
		470BDCE9289C23EB002FEC96 /* TabNavigationMenu.swift */ = {isa = PBXFileReference; lastKnownFileType = sourcecode.swift; path = TabNavigationMenu.swift; sourceTree = "<group>"; };
		470BDCEB289C39A5002FEC96 /* TabBarItem.swift */ = {isa = PBXFileReference; lastKnownFileType = sourcecode.swift; path = TabBarItem.swift; sourceTree = "<group>"; };
		475CAAC3289836FC00E33EF2 /* SignupVC.swift */ = {isa = PBXFileReference; lastKnownFileType = sourcecode.swift; path = SignupVC.swift; sourceTree = "<group>"; };
		475CAAC628983DFE00E33EF2 /* FZCheckoboxButton.swift */ = {isa = PBXFileReference; lastKnownFileType = sourcecode.swift; path = FZCheckoboxButton.swift; sourceTree = "<group>"; };
		4784575C289986E4001CF5A8 /* SignupOptionsVC.swift */ = {isa = PBXFileReference; lastKnownFileType = sourcecode.swift; path = SignupOptionsVC.swift; sourceTree = "<group>"; };
		479D5AE328953055003B59D0 /* Foodzy.app */ = {isa = PBXFileReference; explicitFileType = wrapper.application; includeInIndex = 0; path = Foodzy.app; sourceTree = BUILT_PRODUCTS_DIR; };
		479D5AE628953055003B59D0 /* AppDelegate.swift */ = {isa = PBXFileReference; lastKnownFileType = sourcecode.swift; path = AppDelegate.swift; sourceTree = "<group>"; };
		479D5AE828953055003B59D0 /* SceneDelegate.swift */ = {isa = PBXFileReference; lastKnownFileType = sourcecode.swift; path = SceneDelegate.swift; sourceTree = "<group>"; };
		479D5AEF28953057003B59D0 /* Assets.xcassets */ = {isa = PBXFileReference; lastKnownFileType = folder.assetcatalog; path = Assets.xcassets; sourceTree = "<group>"; };
		479D5AF228953057003B59D0 /* Base */ = {isa = PBXFileReference; lastKnownFileType = file.storyboard; name = Base; path = Base.lproj/LaunchScreen.storyboard; sourceTree = "<group>"; };
		479D5AF428953057003B59D0 /* Info.plist */ = {isa = PBXFileReference; lastKnownFileType = text.plist.xml; path = Info.plist; sourceTree = "<group>"; };
		479D5B022895358B003B59D0 /* SigninVC.swift */ = {isa = PBXFileReference; lastKnownFileType = sourcecode.swift; path = SigninVC.swift; sourceTree = "<group>"; };
		479D5B0928958890003B59D0 /* .swiftlint.yml */ = {isa = PBXFileReference; lastKnownFileType = text.yaml; path = .swiftlint.yml; sourceTree = "<group>"; };
		479D5B0C289589C0003B59D0 /* UIView+Ext.swift */ = {isa = PBXFileReference; lastKnownFileType = sourcecode.swift; path = "UIView+Ext.swift"; sourceTree = "<group>"; };
		479D5B0E289589DF003B59D0 /* UIColor+Ext.swift */ = {isa = PBXFileReference; lastKnownFileType = sourcecode.swift; path = "UIColor+Ext.swift"; sourceTree = "<group>"; };
		479D5B1128958A49003B59D0 /* Bindable.swift */ = {isa = PBXFileReference; lastKnownFileType = sourcecode.swift; path = Bindable.swift; sourceTree = "<group>"; };
		479D5B1328958A92003B59D0 /* Asserts.swift */ = {isa = PBXFileReference; lastKnownFileType = sourcecode.swift; path = Asserts.swift; sourceTree = "<group>"; };
		479D5B1728959F92003B59D0 /* Montserrat-Regular.ttf */ = {isa = PBXFileReference; lastKnownFileType = file; path = "Montserrat-Regular.ttf"; sourceTree = "<group>"; };
		479D5B1828959F92003B59D0 /* Montserrat-SemiBold.ttf */ = {isa = PBXFileReference; lastKnownFileType = file; path = "Montserrat-SemiBold.ttf"; sourceTree = "<group>"; };
		479D5B1928959F92003B59D0 /* Montserrat-Medium.ttf */ = {isa = PBXFileReference; lastKnownFileType = file; path = "Montserrat-Medium.ttf"; sourceTree = "<group>"; };
		479D5B1E2895A409003B59D0 /* FZIconButton.swift */ = {isa = PBXFileReference; lastKnownFileType = sourcecode.swift; path = FZIconButton.swift; sourceTree = "<group>"; };
		479D5B212895A4BE003B59D0 /* FZRegularLabel.swift */ = {isa = PBXFileReference; lastKnownFileType = sourcecode.swift; path = FZRegularLabel.swift; sourceTree = "<group>"; };
		479D5B232895A521003B59D0 /* FZMediumLabel.swift */ = {isa = PBXFileReference; lastKnownFileType = sourcecode.swift; path = FZMediumLabel.swift; sourceTree = "<group>"; };
		479D5B252895A563003B59D0 /* FZSemiBoldLabel.swift */ = {isa = PBXFileReference; lastKnownFileType = sourcecode.swift; path = FZSemiBoldLabel.swift; sourceTree = "<group>"; };
		479D5B272895A691003B59D0 /* Strings.swift */ = {isa = PBXFileReference; lastKnownFileType = sourcecode.swift; path = Strings.swift; sourceTree = "<group>"; };
		479D5B292895A6C8003B59D0 /* Fonts.swift */ = {isa = PBXFileReference; lastKnownFileType = sourcecode.swift; path = Fonts.swift; sourceTree = "<group>"; };
		479D5B2B2895A724003B59D0 /* GlobalConstants.swift */ = {isa = PBXFileReference; lastKnownFileType = sourcecode.swift; path = GlobalConstants.swift; sourceTree = "<group>"; };
		479D5B2D2895A955003B59D0 /* ErrorMessages.swift */ = {isa = PBXFileReference; lastKnownFileType = sourcecode.swift; path = ErrorMessages.swift; sourceTree = "<group>"; };
		47AB9BBC2896735400E42089 /* KeyboardHandlingVC.swift */ = {isa = PBXFileReference; lastKnownFileType = sourcecode.swift; path = KeyboardHandlingVC.swift; sourceTree = "<group>"; };
		47AB9BBF2896766200E42089 /* FZTextInputView.swift */ = {isa = PBXFileReference; lastKnownFileType = sourcecode.swift; path = FZTextInputView.swift; sourceTree = "<group>"; };
		47AB9BC22896780F00E42089 /* FZTextField.swift */ = {isa = PBXFileReference; lastKnownFileType = sourcecode.swift; path = FZTextField.swift; sourceTree = "<group>"; };
		47AB9BC42896B7B100E42089 /* FZRegularButton.swift */ = {isa = PBXFileReference; lastKnownFileType = sourcecode.swift; path = FZRegularButton.swift; sourceTree = "<group>"; };
		47AB9BC72896BB3200E42089 /* FZSeparatorView.swift */ = {isa = PBXFileReference; lastKnownFileType = sourcecode.swift; path = FZSeparatorView.swift; sourceTree = "<group>"; };
/* End PBXFileReference section */

/* Begin PBXFrameworksBuildPhase section */
		479D5AE028953055003B59D0 /* Frameworks */ = {
			isa = PBXFrameworksBuildPhase;
			buildActionMask = 2147483647;
			files = (
			);
			runOnlyForDeploymentPostprocessing = 0;
		};
/* End PBXFrameworksBuildPhase section */

/* Begin PBXGroup section */
		470BDCDB289C218E002FEC96 /* Tab Bar */ = {
			isa = PBXGroup;
			children = (
				470BDCDC289C219C002FEC96 /* TabItem.swift */,
				470BDCE7289C237C002FEC96 /* FZTabBar.swift */,
				470BDCE9289C23EB002FEC96 /* TabNavigationMenu.swift */,
				470BDCEB289C39A5002FEC96 /* TabBarItem.swift */,
			);
			path = "Tab Bar";
			sourceTree = "<group>";
		};
		470BDCDE289C21F2002FEC96 /* Profile */ = {
			isa = PBXGroup;
			children = (
				470BDCDF289C220E002FEC96 /* ProfileVC.swift */,
			);
			path = Profile;
			sourceTree = "<group>";
		};
		470BDCE1289C2226002FEC96 /* Market */ = {
			isa = PBXGroup;
			children = (
				470BDCE2289C223B002FEC96 /* MarketVC.swift */,
			);
			path = Market;
			sourceTree = "<group>";
		};
		470BDCE4289C225F002FEC96 /* Chat */ = {
			isa = PBXGroup;
			children = (
				470BDCE5289C226D002FEC96 /* ChatVC.swift */,
			);
			path = Chat;
			sourceTree = "<group>";
		};
		475CAAC2289836D300E33EF2 /* Signup */ = {
			isa = PBXGroup;
			children = (
				475CAAC3289836FC00E33EF2 /* SignupVC.swift */,
			);
			path = Signup;
			sourceTree = "<group>";
		};
		4784575B289986A5001CF5A8 /* Signup Options */ = {
			isa = PBXGroup;
			children = (
				4784575C289986E4001CF5A8 /* SignupOptionsVC.swift */,
			);
			path = "Signup Options";
			sourceTree = "<group>";
		};
		479D5ADA28953055003B59D0 = {
			isa = PBXGroup;
			children = (
				479D5B0928958890003B59D0 /* .swiftlint.yml */,
				479D5AE528953055003B59D0 /* Foodzy */,
				479D5AE428953055003B59D0 /* Products */,
			);
			sourceTree = "<group>";
		};
		479D5AE428953055003B59D0 /* Products */ = {
			isa = PBXGroup;
			children = (
				479D5AE328953055003B59D0 /* Foodzy.app */,
			);
			name = Products;
			sourceTree = "<group>";
		};
		479D5AE528953055003B59D0 /* Foodzy */ = {
			isa = PBXGroup;
			children = (
				479D5AFD289531EC003B59D0 /* Custom Views */,
				479D5AFE289531F5003B59D0 /* Controllers */,
				479D5B1528959F32003B59D0 /* Resources */,
				479D5B1028958A40003B59D0 /* Helpers */,
				479D5B0B28958992003B59D0 /* Extensions */,
				479D5AFA289531C8003B59D0 /* Support Files */,
			);
			path = Foodzy;
			sourceTree = "<group>";
		};
		479D5AFA289531C8003B59D0 /* Support Files */ = {
			isa = PBXGroup;
			children = (
				479D5AE628953055003B59D0 /* AppDelegate.swift */,
				479D5AE828953055003B59D0 /* SceneDelegate.swift */,
				479D5AEF28953057003B59D0 /* Assets.xcassets */,
				479D5AF128953057003B59D0 /* LaunchScreen.storyboard */,
				479D5AF428953057003B59D0 /* Info.plist */,
			);
			name = "Support Files";
			sourceTree = "<group>";
		};
		479D5AFD289531EC003B59D0 /* Custom Views */ = {
			isa = PBXGroup;
			children = (
				470BDCDB289C218E002FEC96 /* Tab Bar */,
				47AB9BC62896BB1F00E42089 /* Views */,
				47AB9BC1289677FA00E42089 /* Text Fields */,
				47AB9BBE2896763700E42089 /* Text Input Views */,
				47AB9BBB2896734600E42089 /* Keyboard Handler */,
				479D5B202895A488003B59D0 /* Labels */,
				479D5B1D2895A3D4003B59D0 /* Buttons */,
			);
			path = "Custom Views";
			sourceTree = "<group>";
		};
		479D5AFE289531F5003B59D0 /* Controllers */ = {
			isa = PBXGroup;
			children = (
				470BDCE4289C225F002FEC96 /* Chat */,
				470BDCE1289C2226002FEC96 /* Market */,
				470BDCDE289C21F2002FEC96 /* Profile */,
				479D5B0028953559003B59D0 /* Authentication */,
			);
			path = Controllers;
			sourceTree = "<group>";
		};
		479D5B0028953559003B59D0 /* Authentication */ = {
			isa = PBXGroup;
			children = (
				4784575B289986A5001CF5A8 /* Signup Options */,
				475CAAC2289836D300E33EF2 /* Signup */,
				479D5B0128953567003B59D0 /* Signin */,
			);
			path = Authentication;
			sourceTree = "<group>";
		};
		479D5B0128953567003B59D0 /* Signin */ = {
			isa = PBXGroup;
			children = (
				479D5B022895358B003B59D0 /* SigninVC.swift */,
			);
			path = Signin;
			sourceTree = "<group>";
		};
		479D5B0B28958992003B59D0 /* Extensions */ = {
			isa = PBXGroup;
			children = (
				479D5B0C289589C0003B59D0 /* UIView+Ext.swift */,
				479D5B0E289589DF003B59D0 /* UIColor+Ext.swift */,
			);
			path = Extensions;
			sourceTree = "<group>";
		};
		479D5B1028958A40003B59D0 /* Helpers */ = {
			isa = PBXGroup;
			children = (
				479D5B1128958A49003B59D0 /* Bindable.swift */,
				479D5B1328958A92003B59D0 /* Asserts.swift */,
				479D5B272895A691003B59D0 /* Strings.swift */,
				479D5B292895A6C8003B59D0 /* Fonts.swift */,
				479D5B2B2895A724003B59D0 /* GlobalConstants.swift */,
				479D5B2D2895A955003B59D0 /* ErrorMessages.swift */,
			);
			path = Helpers;
			sourceTree = "<group>";
		};
		479D5B1528959F32003B59D0 /* Resources */ = {
			isa = PBXGroup;
			children = (
				479D5B1628959F3C003B59D0 /* Fonts */,
			);
			path = Resources;
			sourceTree = "<group>";
		};
		479D5B1628959F3C003B59D0 /* Fonts */ = {
			isa = PBXGroup;
			children = (
				479D5B1928959F92003B59D0 /* Montserrat-Medium.ttf */,
				479D5B1728959F92003B59D0 /* Montserrat-Regular.ttf */,
				479D5B1828959F92003B59D0 /* Montserrat-SemiBold.ttf */,
			);
			path = Fonts;
			sourceTree = "<group>";
		};
		479D5B1D2895A3D4003B59D0 /* Buttons */ = {
			isa = PBXGroup;
			children = (
				479D5B1E2895A409003B59D0 /* FZIconButton.swift */,
				47AB9BC42896B7B100E42089 /* FZRegularButton.swift */,
				475CAAC628983DFE00E33EF2 /* FZCheckoboxButton.swift */,
			);
			path = Buttons;
			sourceTree = "<group>";
		};
		479D5B202895A488003B59D0 /* Labels */ = {
			isa = PBXGroup;
			children = (
				479D5B212895A4BE003B59D0 /* FZRegularLabel.swift */,
				479D5B232895A521003B59D0 /* FZMediumLabel.swift */,
				479D5B252895A563003B59D0 /* FZSemiBoldLabel.swift */,
			);
			path = Labels;
			sourceTree = "<group>";
		};
		47AB9BBB2896734600E42089 /* Keyboard Handler */ = {
			isa = PBXGroup;
			children = (
				47AB9BBC2896735400E42089 /* KeyboardHandlingVC.swift */,
			);
			path = "Keyboard Handler";
			sourceTree = "<group>";
		};
		47AB9BBE2896763700E42089 /* Text Input Views */ = {
			isa = PBXGroup;
			children = (
				47AB9BBF2896766200E42089 /* FZTextInputView.swift */,
			);
			path = "Text Input Views";
			sourceTree = "<group>";
		};
		47AB9BC1289677FA00E42089 /* Text Fields */ = {
			isa = PBXGroup;
			children = (
				47AB9BC22896780F00E42089 /* FZTextField.swift */,
			);
			path = "Text Fields";
			sourceTree = "<group>";
		};
		47AB9BC62896BB1F00E42089 /* Views */ = {
			isa = PBXGroup;
			children = (
				47AB9BC72896BB3200E42089 /* FZSeparatorView.swift */,
			);
			path = Views;
			sourceTree = "<group>";
		};
/* End PBXGroup section */

/* Begin PBXNativeTarget section */
		479D5AE228953055003B59D0 /* Foodzy */ = {
			isa = PBXNativeTarget;
			buildConfigurationList = 479D5AF728953057003B59D0 /* Build configuration list for PBXNativeTarget "Foodzy" */;
			buildPhases = (
				479D5ADF28953055003B59D0 /* Sources */,
				479D5AE028953055003B59D0 /* Frameworks */,
				479D5AE128953055003B59D0 /* Resources */,
				479D5B0828958764003B59D0 /* ShellScript */,
			);
			buildRules = (
			);
			dependencies = (
			);
			name = Foodzy;
			productName = Foodzy;
			productReference = 479D5AE328953055003B59D0 /* Foodzy.app */;
			productType = "com.apple.product-type.application";
		};
/* End PBXNativeTarget section */

/* Begin PBXProject section */
		479D5ADB28953055003B59D0 /* Project object */ = {
			isa = PBXProject;
			attributes = {
				BuildIndependentTargetsInParallel = 1;
				LastSwiftUpdateCheck = 1330;
				LastUpgradeCheck = 1330;
				TargetAttributes = {
					479D5AE228953055003B59D0 = {
						CreatedOnToolsVersion = 13.3;
					};
				};
			};
			buildConfigurationList = 479D5ADE28953055003B59D0 /* Build configuration list for PBXProject "Foodzy" */;
			compatibilityVersion = "Xcode 13.0";
			developmentRegion = en;
			hasScannedForEncodings = 0;
			knownRegions = (
				en,
				Base,
			);
			mainGroup = 479D5ADA28953055003B59D0;
			productRefGroup = 479D5AE428953055003B59D0 /* Products */;
			projectDirPath = "";
			projectRoot = "";
			targets = (
				479D5AE228953055003B59D0 /* Foodzy */,
			);
		};
/* End PBXProject section */

/* Begin PBXResourcesBuildPhase section */
		479D5AE128953055003B59D0 /* Resources */ = {
			isa = PBXResourcesBuildPhase;
			buildActionMask = 2147483647;
			files = (
				479D5B1A28959F92003B59D0 /* Montserrat-Regular.ttf in Resources */,
				479D5B0A28958890003B59D0 /* .swiftlint.yml in Resources */,
				479D5AF328953057003B59D0 /* LaunchScreen.storyboard in Resources */,
				479D5AF028953057003B59D0 /* Assets.xcassets in Resources */,
				479D5B1C28959F92003B59D0 /* Montserrat-Medium.ttf in Resources */,
				479D5B1B28959F92003B59D0 /* Montserrat-SemiBold.ttf in Resources */,
			);
			runOnlyForDeploymentPostprocessing = 0;
		};
/* End PBXResourcesBuildPhase section */

/* Begin PBXShellScriptBuildPhase section */
		479D5B0828958764003B59D0 /* ShellScript */ = {
			isa = PBXShellScriptBuildPhase;
			buildActionMask = 2147483647;
			files = (
			);
			inputFileListPaths = (
			);
			inputPaths = (
			);
			outputFileListPaths = (
			);
			outputPaths = (
			);
			runOnlyForDeploymentPostprocessing = 0;
			shellPath = /bin/sh;
			shellScript = "if which swiftlint >/dev/null; then\n  swiftlint\nelse\n  echo \"warning: SwiftLint not installed, download from https://github.com/realm/SwiftLint\"\nfi\n";
		};
/* End PBXShellScriptBuildPhase section */

/* Begin PBXSourcesBuildPhase section */
		479D5ADF28953055003B59D0 /* Sources */ = {
			isa = PBXSourcesBuildPhase;
			buildActionMask = 2147483647;
			files = (
				479D5B1F2895A409003B59D0 /* FZIconButton.swift in Sources */,
				470BDCE8289C237C002FEC96 /* FZTabBar.swift in Sources */,
				47AB9BC32896780F00E42089 /* FZTextField.swift in Sources */,
				47AB9BC82896BB3200E42089 /* FZSeparatorView.swift in Sources */,
				470BDCEA289C23EB002FEC96 /* TabNavigationMenu.swift in Sources */,
				479D5B0D289589C0003B59D0 /* UIView+Ext.swift in Sources */,
				47AB9BC52896B7B100E42089 /* FZRegularButton.swift in Sources */,
				470BDCE0289C220E002FEC96 /* ProfileVC.swift in Sources */,
				470BDCDD289C219C002FEC96 /* TabItem.swift in Sources */,
				47AB9BBD2896735400E42089 /* KeyboardHandlingVC.swift in Sources */,
				479D5B2A2895A6C8003B59D0 /* Fonts.swift in Sources */,
				4784575D289986E4001CF5A8 /* SignupOptionsVC.swift in Sources */,
				470BDCEC289C39A5002FEC96 /* TabBarItem.swift in Sources */,
				479D5AE728953055003B59D0 /* AppDelegate.swift in Sources */,
				47AB9BC02896766200E42089 /* FZTextInputView.swift in Sources */,
				479D5B2C2895A724003B59D0 /* GlobalConstants.swift in Sources */,
				479D5B1228958A49003B59D0 /* Bindable.swift in Sources */,
				470BDCE3289C223B002FEC96 /* MarketVC.swift in Sources */,
				479D5B0F289589DF003B59D0 /* UIColor+Ext.swift in Sources */,
				479D5B222895A4BE003B59D0 /* FZRegularLabel.swift in Sources */,
				479D5B2E2895A955003B59D0 /* ErrorMessages.swift in Sources */,
				470BDCE6289C226D002FEC96 /* ChatVC.swift in Sources */,
				479D5B1428958A92003B59D0 /* Asserts.swift in Sources */,
				475CAAC4289836FC00E33EF2 /* SignupVC.swift in Sources */,
				479D5B242895A521003B59D0 /* FZMediumLabel.swift in Sources */,
				479D5B032895358B003B59D0 /* SigninVC.swift in Sources */,
				479D5AE928953055003B59D0 /* SceneDelegate.swift in Sources */,
				479D5B282895A691003B59D0 /* Strings.swift in Sources */,
				475CAAC728983DFE00E33EF2 /* FZCheckoboxButton.swift in Sources */,
				479D5B262895A563003B59D0 /* FZSemiBoldLabel.swift in Sources */,
			);
			runOnlyForDeploymentPostprocessing = 0;
		};
/* End PBXSourcesBuildPhase section */

/* Begin PBXVariantGroup section */
		479D5AF128953057003B59D0 /* LaunchScreen.storyboard */ = {
			isa = PBXVariantGroup;
			children = (
				479D5AF228953057003B59D0 /* Base */,
			);
			name = LaunchScreen.storyboard;
			sourceTree = "<group>";
		};
/* End PBXVariantGroup section */

/* Begin XCBuildConfiguration section */
		479D5AF528953057003B59D0 /* Debug */ = {
			isa = XCBuildConfiguration;
			buildSettings = {
				ALWAYS_SEARCH_USER_PATHS = NO;
				CLANG_ANALYZER_NONNULL = YES;
				CLANG_ANALYZER_NUMBER_OBJECT_CONVERSION = YES_AGGRESSIVE;
				CLANG_CXX_LANGUAGE_STANDARD = "gnu++17";
				CLANG_ENABLE_MODULES = YES;
				CLANG_ENABLE_OBJC_ARC = YES;
				CLANG_ENABLE_OBJC_WEAK = YES;
				CLANG_WARN_BLOCK_CAPTURE_AUTORELEASING = YES;
				CLANG_WARN_BOOL_CONVERSION = YES;
				CLANG_WARN_COMMA = YES;
				CLANG_WARN_CONSTANT_CONVERSION = YES;
				CLANG_WARN_DEPRECATED_OBJC_IMPLEMENTATIONS = YES;
				CLANG_WARN_DIRECT_OBJC_ISA_USAGE = YES_ERROR;
				CLANG_WARN_DOCUMENTATION_COMMENTS = YES;
				CLANG_WARN_EMPTY_BODY = YES;
				CLANG_WARN_ENUM_CONVERSION = YES;
				CLANG_WARN_INFINITE_RECURSION = YES;
				CLANG_WARN_INT_CONVERSION = YES;
				CLANG_WARN_NON_LITERAL_NULL_CONVERSION = YES;
				CLANG_WARN_OBJC_IMPLICIT_RETAIN_SELF = YES;
				CLANG_WARN_OBJC_LITERAL_CONVERSION = YES;
				CLANG_WARN_OBJC_ROOT_CLASS = YES_ERROR;
				CLANG_WARN_QUOTED_INCLUDE_IN_FRAMEWORK_HEADER = YES;
				CLANG_WARN_RANGE_LOOP_ANALYSIS = YES;
				CLANG_WARN_STRICT_PROTOTYPES = YES;
				CLANG_WARN_SUSPICIOUS_MOVE = YES;
				CLANG_WARN_UNGUARDED_AVAILABILITY = YES_AGGRESSIVE;
				CLANG_WARN_UNREACHABLE_CODE = YES;
				CLANG_WARN__DUPLICATE_METHOD_MATCH = YES;
				COPY_PHASE_STRIP = NO;
				DEBUG_INFORMATION_FORMAT = dwarf;
				ENABLE_STRICT_OBJC_MSGSEND = YES;
				ENABLE_TESTABILITY = YES;
				GCC_C_LANGUAGE_STANDARD = gnu11;
				GCC_DYNAMIC_NO_PIC = NO;
				GCC_NO_COMMON_BLOCKS = YES;
				GCC_OPTIMIZATION_LEVEL = 0;
				GCC_PREPROCESSOR_DEFINITIONS = (
					"DEBUG=1",
					"$(inherited)",
				);
				GCC_WARN_64_TO_32_BIT_CONVERSION = YES;
				GCC_WARN_ABOUT_RETURN_TYPE = YES_ERROR;
				GCC_WARN_UNDECLARED_SELECTOR = YES;
				GCC_WARN_UNINITIALIZED_AUTOS = YES_AGGRESSIVE;
				GCC_WARN_UNUSED_FUNCTION = YES;
				GCC_WARN_UNUSED_VARIABLE = YES;
				IPHONEOS_DEPLOYMENT_TARGET = 15.4;
				MTL_ENABLE_DEBUG_INFO = INCLUDE_SOURCE;
				MTL_FAST_MATH = YES;
				ONLY_ACTIVE_ARCH = YES;
				SDKROOT = iphoneos;
				SWIFT_ACTIVE_COMPILATION_CONDITIONS = DEBUG;
				SWIFT_OPTIMIZATION_LEVEL = "-Onone";
			};
			name = Debug;
		};
		479D5AF628953057003B59D0 /* Release */ = {
			isa = XCBuildConfiguration;
			buildSettings = {
				ALWAYS_SEARCH_USER_PATHS = NO;
				CLANG_ANALYZER_NONNULL = YES;
				CLANG_ANALYZER_NUMBER_OBJECT_CONVERSION = YES_AGGRESSIVE;
				CLANG_CXX_LANGUAGE_STANDARD = "gnu++17";
				CLANG_ENABLE_MODULES = YES;
				CLANG_ENABLE_OBJC_ARC = YES;
				CLANG_ENABLE_OBJC_WEAK = YES;
				CLANG_WARN_BLOCK_CAPTURE_AUTORELEASING = YES;
				CLANG_WARN_BOOL_CONVERSION = YES;
				CLANG_WARN_COMMA = YES;
				CLANG_WARN_CONSTANT_CONVERSION = YES;
				CLANG_WARN_DEPRECATED_OBJC_IMPLEMENTATIONS = YES;
				CLANG_WARN_DIRECT_OBJC_ISA_USAGE = YES_ERROR;
				CLANG_WARN_DOCUMENTATION_COMMENTS = YES;
				CLANG_WARN_EMPTY_BODY = YES;
				CLANG_WARN_ENUM_CONVERSION = YES;
				CLANG_WARN_INFINITE_RECURSION = YES;
				CLANG_WARN_INT_CONVERSION = YES;
				CLANG_WARN_NON_LITERAL_NULL_CONVERSION = YES;
				CLANG_WARN_OBJC_IMPLICIT_RETAIN_SELF = YES;
				CLANG_WARN_OBJC_LITERAL_CONVERSION = YES;
				CLANG_WARN_OBJC_ROOT_CLASS = YES_ERROR;
				CLANG_WARN_QUOTED_INCLUDE_IN_FRAMEWORK_HEADER = YES;
				CLANG_WARN_RANGE_LOOP_ANALYSIS = YES;
				CLANG_WARN_STRICT_PROTOTYPES = YES;
				CLANG_WARN_SUSPICIOUS_MOVE = YES;
				CLANG_WARN_UNGUARDED_AVAILABILITY = YES_AGGRESSIVE;
				CLANG_WARN_UNREACHABLE_CODE = YES;
				CLANG_WARN__DUPLICATE_METHOD_MATCH = YES;
				COPY_PHASE_STRIP = NO;
				DEBUG_INFORMATION_FORMAT = "dwarf-with-dsym";
				ENABLE_NS_ASSERTIONS = NO;
				ENABLE_STRICT_OBJC_MSGSEND = YES;
				GCC_C_LANGUAGE_STANDARD = gnu11;
				GCC_NO_COMMON_BLOCKS = YES;
				GCC_WARN_64_TO_32_BIT_CONVERSION = YES;
				GCC_WARN_ABOUT_RETURN_TYPE = YES_ERROR;
				GCC_WARN_UNDECLARED_SELECTOR = YES;
				GCC_WARN_UNINITIALIZED_AUTOS = YES_AGGRESSIVE;
				GCC_WARN_UNUSED_FUNCTION = YES;
				GCC_WARN_UNUSED_VARIABLE = YES;
				IPHONEOS_DEPLOYMENT_TARGET = 15.4;
				MTL_ENABLE_DEBUG_INFO = NO;
				MTL_FAST_MATH = YES;
				SDKROOT = iphoneos;
				SWIFT_COMPILATION_MODE = wholemodule;
				SWIFT_OPTIMIZATION_LEVEL = "-O";
				VALIDATE_PRODUCT = YES;
			};
			name = Release;
		};
		479D5AF828953057003B59D0 /* Debug */ = {
			isa = XCBuildConfiguration;
			buildSettings = {
				ASSETCATALOG_COMPILER_APPICON_NAME = AppIcon;
				ASSETCATALOG_COMPILER_GLOBAL_ACCENT_COLOR_NAME = AccentColor;
				CODE_SIGN_STYLE = Automatic;
				CURRENT_PROJECT_VERSION = 1;
				DEVELOPMENT_TEAM = 7BXSU3YQGA;
				GENERATE_INFOPLIST_FILE = YES;
				INFOPLIST_FILE = Foodzy/Info.plist;
				INFOPLIST_KEY_UIApplicationSupportsIndirectInputEvents = YES;
				INFOPLIST_KEY_UILaunchStoryboardName = LaunchScreen;
				INFOPLIST_KEY_UISupportedInterfaceOrientations_iPad = "UIInterfaceOrientationPortrait UIInterfaceOrientationPortraitUpsideDown UIInterfaceOrientationLandscapeLeft UIInterfaceOrientationLandscapeRight";
				INFOPLIST_KEY_UISupportedInterfaceOrientations_iPhone = "UIInterfaceOrientationPortrait UIInterfaceOrientationLandscapeLeft UIInterfaceOrientationLandscapeRight";
				LD_RUNPATH_SEARCH_PATHS = (
					"$(inherited)",
					"@executable_path/Frameworks",
				);
				MARKETING_VERSION = 1.0;
				PRODUCT_BUNDLE_IDENTIFIER = com.castleCode.Foodzy;
				PRODUCT_NAME = "$(TARGET_NAME)";
				SWIFT_EMIT_LOC_STRINGS = YES;
				SWIFT_VERSION = 5.0;
				TARGETED_DEVICE_FAMILY = "1,2";
			};
			name = Debug;
		};
		479D5AF928953057003B59D0 /* Release */ = {
			isa = XCBuildConfiguration;
			buildSettings = {
				ASSETCATALOG_COMPILER_APPICON_NAME = AppIcon;
				ASSETCATALOG_COMPILER_GLOBAL_ACCENT_COLOR_NAME = AccentColor;
				CODE_SIGN_STYLE = Automatic;
				CURRENT_PROJECT_VERSION = 1;
				DEVELOPMENT_TEAM = 7BXSU3YQGA;
				GENERATE_INFOPLIST_FILE = YES;
				INFOPLIST_FILE = Foodzy/Info.plist;
				INFOPLIST_KEY_UIApplicationSupportsIndirectInputEvents = YES;
				INFOPLIST_KEY_UILaunchStoryboardName = LaunchScreen;
				INFOPLIST_KEY_UISupportedInterfaceOrientations_iPad = "UIInterfaceOrientationPortrait UIInterfaceOrientationPortraitUpsideDown UIInterfaceOrientationLandscapeLeft UIInterfaceOrientationLandscapeRight";
				INFOPLIST_KEY_UISupportedInterfaceOrientations_iPhone = "UIInterfaceOrientationPortrait UIInterfaceOrientationLandscapeLeft UIInterfaceOrientationLandscapeRight";
				LD_RUNPATH_SEARCH_PATHS = (
					"$(inherited)",
					"@executable_path/Frameworks",
				);
				MARKETING_VERSION = 1.0;
				PRODUCT_BUNDLE_IDENTIFIER = com.castleCode.Foodzy;
				PRODUCT_NAME = "$(TARGET_NAME)";
				SWIFT_EMIT_LOC_STRINGS = YES;
				SWIFT_VERSION = 5.0;
				TARGETED_DEVICE_FAMILY = "1,2";
			};
			name = Release;
		};
/* End XCBuildConfiguration section */

/* Begin XCConfigurationList section */
		479D5ADE28953055003B59D0 /* Build configuration list for PBXProject "Foodzy" */ = {
			isa = XCConfigurationList;
			buildConfigurations = (
				479D5AF528953057003B59D0 /* Debug */,
				479D5AF628953057003B59D0 /* Release */,
			);
			defaultConfigurationIsVisible = 0;
			defaultConfigurationName = Release;
		};
		479D5AF728953057003B59D0 /* Build configuration list for PBXNativeTarget "Foodzy" */ = {
			isa = XCConfigurationList;
			buildConfigurations = (
				479D5AF828953057003B59D0 /* Debug */,
				479D5AF928953057003B59D0 /* Release */,
			);
			defaultConfigurationIsVisible = 0;
			defaultConfigurationName = Release;
		};
/* End XCConfigurationList section */
	};
	rootObject = 479D5ADB28953055003B59D0 /* Project object */;
}
